%{
  "artificery": {:hex, :artificery, "0.4.2", "3ded6e29e13113af52811c72f414d1e88f711410cac1b619ab3a2666bbd7efd4", [:mix], [], "hexpm"},
  "distillery": {:hex, :distillery, "2.1.0", "5f31c7771923c12dbb79dcd8d01c5913b07222f134c327e7ab026acdabae985b", [:mix], [{:artificery, "~> 0.2", [hex: :artificery, repo: "hexpm", optional: false]}], "hexpm"},
}
